// !$*UTF8*$!
{
	archiveVersion = 1;
	classes = {
	};
	objectVersion = 55;
	objects = {

/* Begin PBXBuildFile section */
		2ECAC30D2850753200320A1E /* AppDelegate.swift in Sources */ = {isa = PBXBuildFile; fileRef = 2ECAC30C2850753200320A1E /* AppDelegate.swift */; };
		2ECAC3112850753200320A1E /* CompanyViewController.swift in Sources */ = {isa = PBXBuildFile; fileRef = 2ECAC3102850753200320A1E /* CompanyViewController.swift */; };
		2ECAC3172850753200320A1E /* CompanyList.xcdatamodeld in Sources */ = {isa = PBXBuildFile; fileRef = 2ECAC3152850753200320A1E /* CompanyList.xcdatamodeld */; };
		2ECAC3192850753600320A1E /* Assets.xcassets in Resources */ = {isa = PBXBuildFile; fileRef = 2ECAC3182850753600320A1E /* Assets.xcassets */; };
		2ECAC31C2850753600320A1E /* LaunchScreen.storyboard in Resources */ = {isa = PBXBuildFile; fileRef = 2ECAC31A2850753600320A1E /* LaunchScreen.storyboard */; };
		2ECAC326285082F000320A1E /* CompaniesAssembly.swift in Sources */ = {isa = PBXBuildFile; fileRef = 2ECAC325285082F000320A1E /* CompaniesAssembly.swift */; };
		2ECAC32B28509B8100320A1E /* SnapKit in Frameworks */ = {isa = PBXBuildFile; productRef = 2ECAC32A28509B8100320A1E /* SnapKit */; };
		2ECAC35B2850DC4C00320A1E /* EmployeesViewController.swift in Sources */ = {isa = PBXBuildFile; fileRef = 2ECAC35A2850DC4C00320A1E /* EmployeesViewController.swift */; };
		2ECAC35D2850DC6B00320A1E /* EmployeesAssembly.swift in Sources */ = {isa = PBXBuildFile; fileRef = 2ECAC35C2850DC6B00320A1E /* EmployeesAssembly.swift */; };
		2ECAC35F2850E22800320A1E /* CompanyTableViewCell.swift in Sources */ = {isa = PBXBuildFile; fileRef = 2ECAC35E2850E22800320A1E /* CompanyTableViewCell.swift */; };
		2ECAC3612850E26900320A1E /* EmployeeTableViewCell.swift in Sources */ = {isa = PBXBuildFile; fileRef = 2ECAC3602850E26900320A1E /* EmployeeTableViewCell.swift */; };
		2ECAC3632850E7AA00320A1E /* CompanyModel.swift in Sources */ = {isa = PBXBuildFile; fileRef = 2ECAC3622850E7AA00320A1E /* CompanyModel.swift */; };
		2ECAC3652850E7BD00320A1E /* EmployeeModel.swift in Sources */ = {isa = PBXBuildFile; fileRef = 2ECAC3642850E7BD00320A1E /* EmployeeModel.swift */; };
/* End PBXBuildFile section */

/* Begin PBXFileReference section */
		2ECAC3092850753200320A1E /* CompanyList.app */ = {isa = PBXFileReference; explicitFileType = wrapper.application; includeInIndex = 0; path = CompanyList.app; sourceTree = BUILT_PRODUCTS_DIR; };
		2ECAC30C2850753200320A1E /* AppDelegate.swift */ = {isa = PBXFileReference; lastKnownFileType = sourcecode.swift; path = AppDelegate.swift; sourceTree = "<group>"; };
		2ECAC3102850753200320A1E /* CompanyViewController.swift */ = {isa = PBXFileReference; lastKnownFileType = sourcecode.swift; path = CompanyViewController.swift; sourceTree = "<group>"; };
		2ECAC3162850753200320A1E /* CompanyList.xcdatamodel */ = {isa = PBXFileReference; lastKnownFileType = wrapper.xcdatamodel; path = CompanyList.xcdatamodel; sourceTree = "<group>"; };
		2ECAC3182850753600320A1E /* Assets.xcassets */ = {isa = PBXFileReference; lastKnownFileType = folder.assetcatalog; path = Assets.xcassets; sourceTree = "<group>"; };
		2ECAC31B2850753600320A1E /* Base */ = {isa = PBXFileReference; lastKnownFileType = file.storyboard; name = Base; path = Base.lproj/LaunchScreen.storyboard; sourceTree = "<group>"; };
		2ECAC31D2850753600320A1E /* Info.plist */ = {isa = PBXFileReference; lastKnownFileType = text.plist.xml; path = Info.plist; sourceTree = "<group>"; };
		2ECAC325285082F000320A1E /* CompaniesAssembly.swift */ = {isa = PBXFileReference; lastKnownFileType = sourcecode.swift; path = CompaniesAssembly.swift; sourceTree = "<group>"; };
		2ECAC35A2850DC4C00320A1E /* EmployeesViewController.swift */ = {isa = PBXFileReference; lastKnownFileType = sourcecode.swift; path = EmployeesViewController.swift; sourceTree = "<group>"; };
		2ECAC35C2850DC6B00320A1E /* EmployeesAssembly.swift */ = {isa = PBXFileReference; lastKnownFileType = sourcecode.swift; path = EmployeesAssembly.swift; sourceTree = "<group>"; };
		2ECAC35E2850E22800320A1E /* CompanyTableViewCell.swift */ = {isa = PBXFileReference; lastKnownFileType = sourcecode.swift; path = CompanyTableViewCell.swift; sourceTree = "<group>"; };
		2ECAC3602850E26900320A1E /* EmployeeTableViewCell.swift */ = {isa = PBXFileReference; lastKnownFileType = sourcecode.swift; path = EmployeeTableViewCell.swift; sourceTree = "<group>"; };
		2ECAC3622850E7AA00320A1E /* CompanyModel.swift */ = {isa = PBXFileReference; lastKnownFileType = sourcecode.swift; path = CompanyModel.swift; sourceTree = "<group>"; };
		2ECAC3642850E7BD00320A1E /* EmployeeModel.swift */ = {isa = PBXFileReference; lastKnownFileType = sourcecode.swift; path = EmployeeModel.swift; sourceTree = "<group>"; };
/* End PBXFileReference section */

/* Begin PBXFrameworksBuildPhase section */
		2ECAC3062850753200320A1E /* Frameworks */ = {
			isa = PBXFrameworksBuildPhase;
			buildActionMask = 2147483647;
			files = (
				2ECAC32B28509B8100320A1E /* SnapKit in Frameworks */,
			);
			runOnlyForDeploymentPostprocessing = 0;
		};
/* End PBXFrameworksBuildPhase section */

/* Begin PBXGroup section */
		2ECAC3002850753200320A1E = {
			isa = PBXGroup;
			children = (
				2ECAC30B2850753200320A1E /* CompanyList */,
				2ECAC30A2850753200320A1E /* Products */,
			);
			sourceTree = "<group>";
		};
		2ECAC30A2850753200320A1E /* Products */ = {
			isa = PBXGroup;
			children = (
				2ECAC3092850753200320A1E /* CompanyList.app */,
			);
			name = Products;
			sourceTree = "<group>";
		};
		2ECAC30B2850753200320A1E /* CompanyList */ = {
			isa = PBXGroup;
			children = (
				2ECAC31D2850753600320A1E /* Info.plist */,
				2ECAC30C2850753200320A1E /* AppDelegate.swift */,
				2ECAC323285081CB00320A1E /* CompaniesModule */,
				2ECAC324285081D900320A1E /* EmployeesModule */,
				2ECAC3182850753600320A1E /* Assets.xcassets */,
				2ECAC31A2850753600320A1E /* LaunchScreen.storyboard */,
				2ECAC3152850753200320A1E /* CompanyList.xcdatamodeld */,
			);
			path = CompanyList;
			sourceTree = "<group>";
		};
		2ECAC323285081CB00320A1E /* CompaniesModule */ = {
			isa = PBXGroup;
			children = (
				2ECAC325285082F000320A1E /* CompaniesAssembly.swift */,
				2ECAC3102850753200320A1E /* CompanyViewController.swift */,
				2ECAC35E2850E22800320A1E /* CompanyTableViewCell.swift */,
				2ECAC3622850E7AA00320A1E /* CompanyModel.swift */,
			);
			path = CompaniesModule;
			sourceTree = "<group>";
		};
		2ECAC324285081D900320A1E /* EmployeesModule */ = {
			isa = PBXGroup;
			children = (
				2ECAC35A2850DC4C00320A1E /* EmployeesViewController.swift */,
				2ECAC35C2850DC6B00320A1E /* EmployeesAssembly.swift */,
				2ECAC3602850E26900320A1E /* EmployeeTableViewCell.swift */,
				2ECAC3642850E7BD00320A1E /* EmployeeModel.swift */,
			);
			path = EmployeesModule;
			sourceTree = "<group>";
		};
/* End PBXGroup section */

/* Begin PBXNativeTarget section */
		2ECAC3082850753200320A1E /* CompanyList */ = {
			isa = PBXNativeTarget;
			buildConfigurationList = 2ECAC3202850753600320A1E /* Build configuration list for PBXNativeTarget "CompanyList" */;
			buildPhases = (
				2ECAC3052850753200320A1E /* Sources */,
				2ECAC3062850753200320A1E /* Frameworks */,
				2ECAC3072850753200320A1E /* Resources */,
			);
			buildRules = (
			);
			dependencies = (
			);
			name = CompanyList;
			packageProductDependencies = (
				2ECAC32A28509B8100320A1E /* SnapKit */,
			);
			productName = CompanyList;
			productReference = 2ECAC3092850753200320A1E /* CompanyList.app */;
			productType = "com.apple.product-type.application";
		};
/* End PBXNativeTarget section */

/* Begin PBXProject section */
		2ECAC3012850753200320A1E /* Project object */ = {
			isa = PBXProject;
			attributes = {
				BuildIndependentTargetsInParallel = 1;
				LastSwiftUpdateCheck = 1320;
				LastUpgradeCheck = 1320;
				TargetAttributes = {
					2ECAC3082850753200320A1E = {
						CreatedOnToolsVersion = 13.2.1;
					};
				};
			};
			buildConfigurationList = 2ECAC3042850753200320A1E /* Build configuration list for PBXProject "CompanyList" */;
			compatibilityVersion = "Xcode 13.0";
			developmentRegion = en;
			hasScannedForEncodings = 0;
			knownRegions = (
				en,
				Base,
			);
			mainGroup = 2ECAC3002850753200320A1E;
			packageReferences = (
				2ECAC32928509B8100320A1E /* XCRemoteSwiftPackageReference "SnapKit" */,
			);
			productRefGroup = 2ECAC30A2850753200320A1E /* Products */;
			projectDirPath = "";
			projectRoot = "";
			targets = (
				2ECAC3082850753200320A1E /* CompanyList */,
			);
		};
/* End PBXProject section */

/* Begin PBXResourcesBuildPhase section */
		2ECAC3072850753200320A1E /* Resources */ = {
			isa = PBXResourcesBuildPhase;
			buildActionMask = 2147483647;
			files = (
				2ECAC31C2850753600320A1E /* LaunchScreen.storyboard in Resources */,
				2ECAC3192850753600320A1E /* Assets.xcassets in Resources */,
			);
			runOnlyForDeploymentPostprocessing = 0;
		};
/* End PBXResourcesBuildPhase section */

/* Begin PBXSourcesBuildPhase section */
		2ECAC3052850753200320A1E /* Sources */ = {
			isa = PBXSourcesBuildPhase;
			buildActionMask = 2147483647;
			files = (
				2ECAC3112850753200320A1E /* CompanyViewController.swift in Sources */,
				2ECAC3612850E26900320A1E /* EmployeeTableViewCell.swift in Sources */,
				2ECAC30D2850753200320A1E /* AppDelegate.swift in Sources */,
				2ECAC3652850E7BD00320A1E /* EmployeeModel.swift in Sources */,
				2ECAC35D2850DC6B00320A1E /* EmployeesAssembly.swift in Sources */,
				2ECAC35F2850E22800320A1E /* CompanyTableViewCell.swift in Sources */,
				2ECAC3632850E7AA00320A1E /* CompanyModel.swift in Sources */,
				2ECAC35B2850DC4C00320A1E /* EmployeesViewController.swift in Sources */,
				2ECAC326285082F000320A1E /* CompaniesAssembly.swift in Sources */,
				2ECAC3172850753200320A1E /* CompanyList.xcdatamodeld in Sources */,
			);
			runOnlyForDeploymentPostprocessing = 0;
		};
/* End PBXSourcesBuildPhase section */

/* Begin PBXVariantGroup section */
		2ECAC31A2850753600320A1E /* LaunchScreen.storyboard */ = {
			isa = PBXVariantGroup;
			children = (
				2ECAC31B2850753600320A1E /* Base */,
			);
			name = LaunchScreen.storyboard;
			sourceTree = "<group>";
		};
/* End PBXVariantGroup section */

/* Begin XCBuildConfiguration section */
		2ECAC31E2850753600320A1E /* Debug */ = {
			isa = XCBuildConfiguration;
			buildSettings = {
				ALWAYS_SEARCH_USER_PATHS = NO;
				CLANG_ANALYZER_NONNULL = YES;
				CLANG_ANALYZER_NUMBER_OBJECT_CONVERSION = YES_AGGRESSIVE;
				CLANG_CXX_LANGUAGE_STANDARD = "gnu++17";
				CLANG_CXX_LIBRARY = "libc++";
				CLANG_ENABLE_MODULES = YES;
				CLANG_ENABLE_OBJC_ARC = YES;
				CLANG_ENABLE_OBJC_WEAK = YES;
				CLANG_WARN_BLOCK_CAPTURE_AUTORELEASING = YES;
				CLANG_WARN_BOOL_CONVERSION = YES;
				CLANG_WARN_COMMA = YES;
				CLANG_WARN_CONSTANT_CONVERSION = YES;
				CLANG_WARN_DEPRECATED_OBJC_IMPLEMENTATIONS = YES;
				CLANG_WARN_DIRECT_OBJC_ISA_USAGE = YES_ERROR;
				CLANG_WARN_DOCUMENTATION_COMMENTS = YES;
				CLANG_WARN_EMPTY_BODY = YES;
				CLANG_WARN_ENUM_CONVERSION = YES;
				CLANG_WARN_INFINITE_RECURSION = YES;
				CLANG_WARN_INT_CONVERSION = YES;
				CLANG_WARN_NON_LITERAL_NULL_CONVERSION = YES;
				CLANG_WARN_OBJC_IMPLICIT_RETAIN_SELF = YES;
				CLANG_WARN_OBJC_LITERAL_CONVERSION = YES;
				CLANG_WARN_OBJC_ROOT_CLASS = YES_ERROR;
				CLANG_WARN_QUOTED_INCLUDE_IN_FRAMEWORK_HEADER = YES;
				CLANG_WARN_RANGE_LOOP_ANALYSIS = YES;
				CLANG_WARN_STRICT_PROTOTYPES = YES;
				CLANG_WARN_SUSPICIOUS_MOVE = YES;
				CLANG_WARN_UNGUARDED_AVAILABILITY = YES_AGGRESSIVE;
				CLANG_WARN_UNREACHABLE_CODE = YES;
				CLANG_WARN__DUPLICATE_METHOD_MATCH = YES;
				COPY_PHASE_STRIP = NO;
				DEBUG_INFORMATION_FORMAT = dwarf;
				ENABLE_STRICT_OBJC_MSGSEND = YES;
				ENABLE_TESTABILITY = YES;
				GCC_C_LANGUAGE_STANDARD = gnu11;
				GCC_DYNAMIC_NO_PIC = NO;
				GCC_NO_COMMON_BLOCKS = YES;
				GCC_OPTIMIZATION_LEVEL = 0;
				GCC_PREPROCESSOR_DEFINITIONS = (
					"DEBUG=1",
					"$(inherited)",
				);
				GCC_WARN_64_TO_32_BIT_CONVERSION = YES;
				GCC_WARN_ABOUT_RETURN_TYPE = YES_ERROR;
				GCC_WARN_UNDECLARED_SELECTOR = YES;
				GCC_WARN_UNINITIALIZED_AUTOS = YES_AGGRESSIVE;
				GCC_WARN_UNUSED_FUNCTION = YES;
				GCC_WARN_UNUSED_VARIABLE = YES;
				IPHONEOS_DEPLOYMENT_TARGET = 15.2;
				MTL_ENABLE_DEBUG_INFO = INCLUDE_SOURCE;
				MTL_FAST_MATH = YES;
				ONLY_ACTIVE_ARCH = YES;
				SDKROOT = iphoneos;
				SWIFT_ACTIVE_COMPILATION_CONDITIONS = DEBUG;
				SWIFT_OPTIMIZATION_LEVEL = "-Onone";
			};
			name = Debug;
		};
		2ECAC31F2850753600320A1E /* Release */ = {
			isa = XCBuildConfiguration;
			buildSettings = {
				ALWAYS_SEARCH_USER_PATHS = NO;
				CLANG_ANALYZER_NONNULL = YES;
				CLANG_ANALYZER_NUMBER_OBJECT_CONVERSION = YES_AGGRESSIVE;
				CLANG_CXX_LANGUAGE_STANDARD = "gnu++17";
				CLANG_CXX_LIBRARY = "libc++";
				CLANG_ENABLE_MODULES = YES;
				CLANG_ENABLE_OBJC_ARC = YES;
				CLANG_ENABLE_OBJC_WEAK = YES;
				CLANG_WARN_BLOCK_CAPTURE_AUTORELEASING = YES;
				CLANG_WARN_BOOL_CONVERSION = YES;
				CLANG_WARN_COMMA = YES;
				CLANG_WARN_CONSTANT_CONVERSION = YES;
				CLANG_WARN_DEPRECATED_OBJC_IMPLEMENTATIONS = YES;
				CLANG_WARN_DIRECT_OBJC_ISA_USAGE = YES_ERROR;
				CLANG_WARN_DOCUMENTATION_COMMENTS = YES;
				CLANG_WARN_EMPTY_BODY = YES;
				CLANG_WARN_ENUM_CONVERSION = YES;
				CLANG_WARN_INFINITE_RECURSION = YES;
				CLANG_WARN_INT_CONVERSION = YES;
				CLANG_WARN_NON_LITERAL_NULL_CONVERSION = YES;
				CLANG_WARN_OBJC_IMPLICIT_RETAIN_SELF = YES;
				CLANG_WARN_OBJC_LITERAL_CONVERSION = YES;
				CLANG_WARN_OBJC_ROOT_CLASS = YES_ERROR;
				CLANG_WARN_QUOTED_INCLUDE_IN_FRAMEWORK_HEADER = YES;
				CLANG_WARN_RANGE_LOOP_ANALYSIS = YES;
				CLANG_WARN_STRICT_PROTOTYPES = YES;
				CLANG_WARN_SUSPICIOUS_MOVE = YES;
				CLANG_WARN_UNGUARDED_AVAILABILITY = YES_AGGRESSIVE;
				CLANG_WARN_UNREACHABLE_CODE = YES;
				CLANG_WARN__DUPLICATE_METHOD_MATCH = YES;
				COPY_PHASE_STRIP = NO;
				DEBUG_INFORMATION_FORMAT = "dwarf-with-dsym";
				ENABLE_NS_ASSERTIONS = NO;
				ENABLE_STRICT_OBJC_MSGSEND = YES;
				GCC_C_LANGUAGE_STANDARD = gnu11;
				GCC_NO_COMMON_BLOCKS = YES;
				GCC_WARN_64_TO_32_BIT_CONVERSION = YES;
				GCC_WARN_ABOUT_RETURN_TYPE = YES_ERROR;
				GCC_WARN_UNDECLARED_SELECTOR = YES;
				GCC_WARN_UNINITIALIZED_AUTOS = YES_AGGRESSIVE;
				GCC_WARN_UNUSED_FUNCTION = YES;
				GCC_WARN_UNUSED_VARIABLE = YES;
				IPHONEOS_DEPLOYMENT_TARGET = 15.2;
				MTL_ENABLE_DEBUG_INFO = NO;
				MTL_FAST_MATH = YES;
				SDKROOT = iphoneos;
				SWIFT_COMPILATION_MODE = wholemodule;
				SWIFT_OPTIMIZATION_LEVEL = "-O";
				VALIDATE_PRODUCT = YES;
			};
			name = Release;
		};
		2ECAC3212850753600320A1E /* Debug */ = {
			isa = XCBuildConfiguration;
			buildSettings = {
				ASSETCATALOG_COMPILER_APPICON_NAME = AppIcon;
				ASSETCATALOG_COMPILER_GLOBAL_ACCENT_COLOR_NAME = AccentColor;
				CODE_SIGN_STYLE = Automatic;
				CURRENT_PROJECT_VERSION = 1;
				GENERATE_INFOPLIST_FILE = YES;
				INFOPLIST_FILE = CompanyList/Info.plist;
				INFOPLIST_KEY_UIApplicationSupportsIndirectInputEvents = YES;
				INFOPLIST_KEY_UILaunchStoryboardName = LaunchScreen;
				INFOPLIST_KEY_UISupportedInterfaceOrientations_iPad = "UIInterfaceOrientationPortrait UIInterfaceOrientationPortraitUpsideDown UIInterfaceOrientationLandscapeLeft UIInterfaceOrientationLandscapeRight";
				INFOPLIST_KEY_UISupportedInterfaceOrientations_iPhone = "UIInterfaceOrientationPortrait UIInterfaceOrientationLandscapeLeft UIInterfaceOrientationLandscapeRight";
				LD_RUNPATH_SEARCH_PATHS = (
					"$(inherited)",
					"@executable_path/Frameworks",
				);
				MARKETING_VERSION = 1.0;
				PRODUCT_BUNDLE_IDENTIFIER = ru.laranweb.CompanyList;
				PRODUCT_NAME = "$(TARGET_NAME)";
				SWIFT_EMIT_LOC_STRINGS = YES;
				SWIFT_VERSION = 5.0;
				TARGETED_DEVICE_FAMILY = "1,2";
			};
			name = Debug;
		};
		2ECAC3222850753600320A1E /* Release */ = {
			isa = XCBuildConfiguration;
			buildSettings = {
				ASSETCATALOG_COMPILER_APPICON_NAME = AppIcon;
				ASSETCATALOG_COMPILER_GLOBAL_ACCENT_COLOR_NAME = AccentColor;
				CODE_SIGN_STYLE = Automatic;
				CURRENT_PROJECT_VERSION = 1;
				GENERATE_INFOPLIST_FILE = YES;
				INFOPLIST_FILE = CompanyList/Info.plist;
				INFOPLIST_KEY_UIApplicationSupportsIndirectInputEvents = YES;
				INFOPLIST_KEY_UILaunchStoryboardName = LaunchScreen;
				INFOPLIST_KEY_UISupportedInterfaceOrientations_iPad = "UIInterfaceOrientationPortrait UIInterfaceOrientationPortraitUpsideDown UIInterfaceOrientationLandscapeLeft UIInterfaceOrientationLandscapeRight";
				INFOPLIST_KEY_UISupportedInterfaceOrientations_iPhone = "UIInterfaceOrientationPortrait UIInterfaceOrientationLandscapeLeft UIInterfaceOrientationLandscapeRight";
				LD_RUNPATH_SEARCH_PATHS = (
					"$(inherited)",
					"@executable_path/Frameworks",
				);
				MARKETING_VERSION = 1.0;
				PRODUCT_BUNDLE_IDENTIFIER = ru.laranweb.CompanyList;
				PRODUCT_NAME = "$(TARGET_NAME)";
				SWIFT_EMIT_LOC_STRINGS = YES;
				SWIFT_VERSION = 5.0;
				TARGETED_DEVICE_FAMILY = "1,2";
			};
			name = Release;
		};
/* End XCBuildConfiguration section */

/* Begin XCConfigurationList section */
		2ECAC3042850753200320A1E /* Build configuration list for PBXProject "CompanyList" */ = {
			isa = XCConfigurationList;
			buildConfigurations = (
				2ECAC31E2850753600320A1E /* Debug */,
				2ECAC31F2850753600320A1E /* Release */,
			);
			defaultConfigurationIsVisible = 0;
			defaultConfigurationName = Release;
		};
		2ECAC3202850753600320A1E /* Build configuration list for PBXNativeTarget "CompanyList" */ = {
			isa = XCConfigurationList;
			buildConfigurations = (
				2ECAC3212850753600320A1E /* Debug */,
				2ECAC3222850753600320A1E /* Release */,
			);
			defaultConfigurationIsVisible = 0;
			defaultConfigurationName = Release;
		};
/* End XCConfigurationList section */

/* Begin XCRemoteSwiftPackageReference section */
		2ECAC32928509B8100320A1E /* XCRemoteSwiftPackageReference "SnapKit" */ = {
			isa = XCRemoteSwiftPackageReference;
			repositoryURL = "https://github.com/SnapKit/SnapKit";
			requirement = {
				branch = develop;
				kind = branch;
			};
		};
/* End XCRemoteSwiftPackageReference section */

/* Begin XCSwiftPackageProductDependency section */
		2ECAC32A28509B8100320A1E /* SnapKit */ = {
			isa = XCSwiftPackageProductDependency;
			package = 2ECAC32928509B8100320A1E /* XCRemoteSwiftPackageReference "SnapKit" */;
			productName = SnapKit;
		};
/* End XCSwiftPackageProductDependency section */

/* Begin XCVersionGroup section */
		2ECAC3152850753200320A1E /* CompanyList.xcdatamodeld */ = {
			isa = XCVersionGroup;
			children = (
				2ECAC3162850753200320A1E /* CompanyList.xcdatamodel */,
			);
			currentVersion = 2ECAC3162850753200320A1E /* CompanyList.xcdatamodel */;
			path = CompanyList.xcdatamodeld;
			sourceTree = "<group>";
			versionGroupType = wrapper.xcdatamodel;
		};
/* End XCVersionGroup section */
	};
	rootObject = 2ECAC3012850753200320A1E /* Project object */;
}
