// !$*UTF8*$!
{
	archiveVersion = 1;
	classes = {
	};
	objectVersion = 55;
	objects = {

/* Begin PBXBuildFile section */
		2E6278902838D78600927C12 /* AppDelegate.swift in Sources */ = {isa = PBXBuildFile; fileRef = 2E62788F2838D78600927C12 /* AppDelegate.swift */; };
		2E6278922838D78600927C12 /* SceneDelegate.swift in Sources */ = {isa = PBXBuildFile; fileRef = 2E6278912838D78600927C12 /* SceneDelegate.swift */; };
		2E6278942838D78600927C12 /* ViewController.swift in Sources */ = {isa = PBXBuildFile; fileRef = 2E6278932838D78600927C12 /* ViewController.swift */; };
		2E6278972838D78600927C12 /* Main.storyboard in Resources */ = {isa = PBXBuildFile; fileRef = 2E6278952838D78600927C12 /* Main.storyboard */; };
		2E6278992838D78A00927C12 /* Assets.xcassets in Resources */ = {isa = PBXBuildFile; fileRef = 2E6278982838D78A00927C12 /* Assets.xcassets */; };
		2E62789C2838D78A00927C12 /* LaunchScreen.storyboard in Resources */ = {isa = PBXBuildFile; fileRef = 2E62789A2838D78A00927C12 /* LaunchScreen.storyboard */; };
		2E6278A72838D78B00927C12 /* WeatherDesignAppTests.swift in Sources */ = {isa = PBXBuildFile; fileRef = 2E6278A62838D78B00927C12 /* WeatherDesignAppTests.swift */; };
		2E6278B12838D78B00927C12 /* WeatherDesignAppUITests.swift in Sources */ = {isa = PBXBuildFile; fileRef = 2E6278B02838D78B00927C12 /* WeatherDesignAppUITests.swift */; };
		2E6278B32838D78B00927C12 /* WeatherDesignAppUITestsLaunchTests.swift in Sources */ = {isa = PBXBuildFile; fileRef = 2E6278B22838D78B00927C12 /* WeatherDesignAppUITestsLaunchTests.swift */; };
/* End PBXBuildFile section */

/* Begin PBXContainerItemProxy section */
		2E6278A32838D78B00927C12 /* PBXContainerItemProxy */ = {
			isa = PBXContainerItemProxy;
			containerPortal = 2E6278842838D78600927C12 /* Project object */;
			proxyType = 1;
			remoteGlobalIDString = 2E62788B2838D78600927C12;
			remoteInfo = WeatherDesignApp;
		};
		2E6278AD2838D78B00927C12 /* PBXContainerItemProxy */ = {
			isa = PBXContainerItemProxy;
			containerPortal = 2E6278842838D78600927C12 /* Project object */;
			proxyType = 1;
			remoteGlobalIDString = 2E62788B2838D78600927C12;
			remoteInfo = WeatherDesignApp;
		};
/* End PBXContainerItemProxy section */

/* Begin PBXFileReference section */
		2E62788C2838D78600927C12 /* WeatherDesignApp.app */ = {isa = PBXFileReference; explicitFileType = wrapper.application; includeInIndex = 0; path = WeatherDesignApp.app; sourceTree = BUILT_PRODUCTS_DIR; };
		2E62788F2838D78600927C12 /* AppDelegate.swift */ = {isa = PBXFileReference; lastKnownFileType = sourcecode.swift; path = AppDelegate.swift; sourceTree = "<group>"; };
		2E6278912838D78600927C12 /* SceneDelegate.swift */ = {isa = PBXFileReference; lastKnownFileType = sourcecode.swift; path = SceneDelegate.swift; sourceTree = "<group>"; };
		2E6278932838D78600927C12 /* ViewController.swift */ = {isa = PBXFileReference; lastKnownFileType = sourcecode.swift; path = ViewController.swift; sourceTree = "<group>"; };
		2E6278962838D78600927C12 /* Base */ = {isa = PBXFileReference; lastKnownFileType = file.storyboard; name = Base; path = Base.lproj/Main.storyboard; sourceTree = "<group>"; };
		2E6278982838D78A00927C12 /* Assets.xcassets */ = {isa = PBXFileReference; lastKnownFileType = folder.assetcatalog; path = Assets.xcassets; sourceTree = "<group>"; };
		2E62789B2838D78A00927C12 /* Base */ = {isa = PBXFileReference; lastKnownFileType = file.storyboard; name = Base; path = Base.lproj/LaunchScreen.storyboard; sourceTree = "<group>"; };
		2E62789D2838D78A00927C12 /* Info.plist */ = {isa = PBXFileReference; lastKnownFileType = text.plist.xml; path = Info.plist; sourceTree = "<group>"; };
		2E6278A22838D78B00927C12 /* WeatherDesignAppTests.xctest */ = {isa = PBXFileReference; explicitFileType = wrapper.cfbundle; includeInIndex = 0; path = WeatherDesignAppTests.xctest; sourceTree = BUILT_PRODUCTS_DIR; };
		2E6278A62838D78B00927C12 /* WeatherDesignAppTests.swift */ = {isa = PBXFileReference; lastKnownFileType = sourcecode.swift; path = WeatherDesignAppTests.swift; sourceTree = "<group>"; };
		2E6278AC2838D78B00927C12 /* WeatherDesignAppUITests.xctest */ = {isa = PBXFileReference; explicitFileType = wrapper.cfbundle; includeInIndex = 0; path = WeatherDesignAppUITests.xctest; sourceTree = BUILT_PRODUCTS_DIR; };
		2E6278B02838D78B00927C12 /* WeatherDesignAppUITests.swift */ = {isa = PBXFileReference; lastKnownFileType = sourcecode.swift; path = WeatherDesignAppUITests.swift; sourceTree = "<group>"; };
		2E6278B22838D78B00927C12 /* WeatherDesignAppUITestsLaunchTests.swift */ = {isa = PBXFileReference; lastKnownFileType = sourcecode.swift; path = WeatherDesignAppUITestsLaunchTests.swift; sourceTree = "<group>"; };
/* End PBXFileReference section */

/* Begin PBXFrameworksBuildPhase section */
		2E6278892838D78600927C12 /* Frameworks */ = {
			isa = PBXFrameworksBuildPhase;
			buildActionMask = 2147483647;
			files = (
			);
			runOnlyForDeploymentPostprocessing = 0;
		};
		2E62789F2838D78B00927C12 /* Frameworks */ = {
			isa = PBXFrameworksBuildPhase;
			buildActionMask = 2147483647;
			files = (
			);
			runOnlyForDeploymentPostprocessing = 0;
		};
		2E6278A92838D78B00927C12 /* Frameworks */ = {
			isa = PBXFrameworksBuildPhase;
			buildActionMask = 2147483647;
			files = (
			);
			runOnlyForDeploymentPostprocessing = 0;
		};
/* End PBXFrameworksBuildPhase section */

/* Begin PBXGroup section */
		2E6278832838D78500927C12 = {
			isa = PBXGroup;
			children = (
				2E62788E2838D78600927C12 /* WeatherDesignApp */,
				2E6278A52838D78B00927C12 /* WeatherDesignAppTests */,
				2E6278AF2838D78B00927C12 /* WeatherDesignAppUITests */,
				2E62788D2838D78600927C12 /* Products */,
			);
			sourceTree = "<group>";
		};
		2E62788D2838D78600927C12 /* Products */ = {
			isa = PBXGroup;
			children = (
				2E62788C2838D78600927C12 /* WeatherDesignApp.app */,
				2E6278A22838D78B00927C12 /* WeatherDesignAppTests.xctest */,
				2E6278AC2838D78B00927C12 /* WeatherDesignAppUITests.xctest */,
			);
			name = Products;
			sourceTree = "<group>";
		};
		2E62788E2838D78600927C12 /* WeatherDesignApp */ = {
			isa = PBXGroup;
			children = (
				2E62788F2838D78600927C12 /* AppDelegate.swift */,
				2E6278912838D78600927C12 /* SceneDelegate.swift */,
				2E6278932838D78600927C12 /* ViewController.swift */,
				2E6278952838D78600927C12 /* Main.storyboard */,
				2E6278982838D78A00927C12 /* Assets.xcassets */,
				2E62789A2838D78A00927C12 /* LaunchScreen.storyboard */,
				2E62789D2838D78A00927C12 /* Info.plist */,
			);
			path = WeatherDesignApp;
			sourceTree = "<group>";
		};
		2E6278A52838D78B00927C12 /* WeatherDesignAppTests */ = {
			isa = PBXGroup;
			children = (
				2E6278A62838D78B00927C12 /* WeatherDesignAppTests.swift */,
			);
			path = WeatherDesignAppTests;
			sourceTree = "<group>";
		};
		2E6278AF2838D78B00927C12 /* WeatherDesignAppUITests */ = {
			isa = PBXGroup;
			children = (
				2E6278B02838D78B00927C12 /* WeatherDesignAppUITests.swift */,
				2E6278B22838D78B00927C12 /* WeatherDesignAppUITestsLaunchTests.swift */,
			);
			path = WeatherDesignAppUITests;
			sourceTree = "<group>";
		};
/* End PBXGroup section */

/* Begin PBXNativeTarget section */
		2E62788B2838D78600927C12 /* WeatherDesignApp */ = {
			isa = PBXNativeTarget;
			buildConfigurationList = 2E6278B62838D78B00927C12 /* Build configuration list for PBXNativeTarget "WeatherDesignApp" */;
			buildPhases = (
				2E6278882838D78600927C12 /* Sources */,
				2E6278892838D78600927C12 /* Frameworks */,
				2E62788A2838D78600927C12 /* Resources */,
			);
			buildRules = (
			);
			dependencies = (
			);
			name = WeatherDesignApp;
			productName = WeatherDesignApp;
			productReference = 2E62788C2838D78600927C12 /* WeatherDesignApp.app */;
			productType = "com.apple.product-type.application";
		};
		2E6278A12838D78B00927C12 /* WeatherDesignAppTests */ = {
			isa = PBXNativeTarget;
			buildConfigurationList = 2E6278B92838D78B00927C12 /* Build configuration list for PBXNativeTarget "WeatherDesignAppTests" */;
			buildPhases = (
				2E62789E2838D78B00927C12 /* Sources */,
				2E62789F2838D78B00927C12 /* Frameworks */,
				2E6278A02838D78B00927C12 /* Resources */,
			);
			buildRules = (
			);
			dependencies = (
				2E6278A42838D78B00927C12 /* PBXTargetDependency */,
			);
			name = WeatherDesignAppTests;
			productName = WeatherDesignAppTests;
			productReference = 2E6278A22838D78B00927C12 /* WeatherDesignAppTests.xctest */;
			productType = "com.apple.product-type.bundle.unit-test";
		};
		2E6278AB2838D78B00927C12 /* WeatherDesignAppUITests */ = {
			isa = PBXNativeTarget;
			buildConfigurationList = 2E6278BC2838D78B00927C12 /* Build configuration list for PBXNativeTarget "WeatherDesignAppUITests" */;
			buildPhases = (
				2E6278A82838D78B00927C12 /* Sources */,
				2E6278A92838D78B00927C12 /* Frameworks */,
				2E6278AA2838D78B00927C12 /* Resources */,
			);
			buildRules = (
			);
			dependencies = (
				2E6278AE2838D78B00927C12 /* PBXTargetDependency */,
			);
			name = WeatherDesignAppUITests;
			productName = WeatherDesignAppUITests;
			productReference = 2E6278AC2838D78B00927C12 /* WeatherDesignAppUITests.xctest */;
			productType = "com.apple.product-type.bundle.ui-testing";
		};
/* End PBXNativeTarget section */

/* Begin PBXProject section */
		2E6278842838D78600927C12 /* Project object */ = {
			isa = PBXProject;
			attributes = {
				BuildIndependentTargetsInParallel = 1;
				LastSwiftUpdateCheck = 1320;
				LastUpgradeCheck = 1320;
				TargetAttributes = {
					2E62788B2838D78600927C12 = {
						CreatedOnToolsVersion = 13.2.1;
					};
					2E6278A12838D78B00927C12 = {
						CreatedOnToolsVersion = 13.2.1;
						TestTargetID = 2E62788B2838D78600927C12;
					};
					2E6278AB2838D78B00927C12 = {
						CreatedOnToolsVersion = 13.2.1;
						TestTargetID = 2E62788B2838D78600927C12;
					};
				};
			};
			buildConfigurationList = 2E6278872838D78600927C12 /* Build configuration list for PBXProject "WeatherDesignApp" */;
			compatibilityVersion = "Xcode 13.0";
			developmentRegion = en;
			hasScannedForEncodings = 0;
			knownRegions = (
				en,
				Base,
			);
			mainGroup = 2E6278832838D78500927C12;
			productRefGroup = 2E62788D2838D78600927C12 /* Products */;
			projectDirPath = "";
			projectRoot = "";
			targets = (
				2E62788B2838D78600927C12 /* WeatherDesignApp */,
				2E6278A12838D78B00927C12 /* WeatherDesignAppTests */,
				2E6278AB2838D78B00927C12 /* WeatherDesignAppUITests */,
			);
		};
/* End PBXProject section */

/* Begin PBXResourcesBuildPhase section */
		2E62788A2838D78600927C12 /* Resources */ = {
			isa = PBXResourcesBuildPhase;
			buildActionMask = 2147483647;
			files = (
				2E62789C2838D78A00927C12 /* LaunchScreen.storyboard in Resources */,
				2E6278992838D78A00927C12 /* Assets.xcassets in Resources */,
				2E6278972838D78600927C12 /* Main.storyboard in Resources */,
			);
			runOnlyForDeploymentPostprocessing = 0;
		};
		2E6278A02838D78B00927C12 /* Resources */ = {
			isa = PBXResourcesBuildPhase;
			buildActionMask = 2147483647;
			files = (
			);
			runOnlyForDeploymentPostprocessing = 0;
		};
		2E6278AA2838D78B00927C12 /* Resources */ = {
			isa = PBXResourcesBuildPhase;
			buildActionMask = 2147483647;
			files = (
			);
			runOnlyForDeploymentPostprocessing = 0;
		};
/* End PBXResourcesBuildPhase section */

/* Begin PBXSourcesBuildPhase section */
		2E6278882838D78600927C12 /* Sources */ = {
			isa = PBXSourcesBuildPhase;
			buildActionMask = 2147483647;
			files = (
				2E6278942838D78600927C12 /* ViewController.swift in Sources */,
				2E6278902838D78600927C12 /* AppDelegate.swift in Sources */,
				2E6278922838D78600927C12 /* SceneDelegate.swift in Sources */,
			);
			runOnlyForDeploymentPostprocessing = 0;
		};
		2E62789E2838D78B00927C12 /* Sources */ = {
			isa = PBXSourcesBuildPhase;
			buildActionMask = 2147483647;
			files = (
				2E6278A72838D78B00927C12 /* WeatherDesignAppTests.swift in Sources */,
			);
			runOnlyForDeploymentPostprocessing = 0;
		};
		2E6278A82838D78B00927C12 /* Sources */ = {
			isa = PBXSourcesBuildPhase;
			buildActionMask = 2147483647;
			files = (
				2E6278B12838D78B00927C12 /* WeatherDesignAppUITests.swift in Sources */,
				2E6278B32838D78B00927C12 /* WeatherDesignAppUITestsLaunchTests.swift in Sources */,
			);
			runOnlyForDeploymentPostprocessing = 0;
		};
/* End PBXSourcesBuildPhase section */

/* Begin PBXTargetDependency section */
		2E6278A42838D78B00927C12 /* PBXTargetDependency */ = {
			isa = PBXTargetDependency;
			target = 2E62788B2838D78600927C12 /* WeatherDesignApp */;
			targetProxy = 2E6278A32838D78B00927C12 /* PBXContainerItemProxy */;
		};
		2E6278AE2838D78B00927C12 /* PBXTargetDependency */ = {
			isa = PBXTargetDependency;
			target = 2E62788B2838D78600927C12 /* WeatherDesignApp */;
			targetProxy = 2E6278AD2838D78B00927C12 /* PBXContainerItemProxy */;
		};
/* End PBXTargetDependency section */

/* Begin PBXVariantGroup section */
		2E6278952838D78600927C12 /* Main.storyboard */ = {
			isa = PBXVariantGroup;
			children = (
				2E6278962838D78600927C12 /* Base */,
			);
			name = Main.storyboard;
			sourceTree = "<group>";
		};
		2E62789A2838D78A00927C12 /* LaunchScreen.storyboard */ = {
			isa = PBXVariantGroup;
			children = (
				2E62789B2838D78A00927C12 /* Base */,
			);
			name = LaunchScreen.storyboard;
			sourceTree = "<group>";
		};
/* End PBXVariantGroup section */

/* Begin XCBuildConfiguration section */
		2E6278B42838D78B00927C12 /* Debug */ = {
			isa = XCBuildConfiguration;
			buildSettings = {
				ALWAYS_SEARCH_USER_PATHS = NO;
				CLANG_ANALYZER_NONNULL = YES;
				CLANG_ANALYZER_NUMBER_OBJECT_CONVERSION = YES_AGGRESSIVE;
				CLANG_CXX_LANGUAGE_STANDARD = "gnu++17";
				CLANG_CXX_LIBRARY = "libc++";
				CLANG_ENABLE_MODULES = YES;
				CLANG_ENABLE_OBJC_ARC = YES;
				CLANG_ENABLE_OBJC_WEAK = YES;
				CLANG_WARN_BLOCK_CAPTURE_AUTORELEASING = YES;
				CLANG_WARN_BOOL_CONVERSION = YES;
				CLANG_WARN_COMMA = YES;
				CLANG_WARN_CONSTANT_CONVERSION = YES;
				CLANG_WARN_DEPRECATED_OBJC_IMPLEMENTATIONS = YES;
				CLANG_WARN_DIRECT_OBJC_ISA_USAGE = YES_ERROR;
				CLANG_WARN_DOCUMENTATION_COMMENTS = YES;
				CLANG_WARN_EMPTY_BODY = YES;
				CLANG_WARN_ENUM_CONVERSION = YES;
				CLANG_WARN_INFINITE_RECURSION = YES;
				CLANG_WARN_INT_CONVERSION = YES;
				CLANG_WARN_NON_LITERAL_NULL_CONVERSION = YES;
				CLANG_WARN_OBJC_IMPLICIT_RETAIN_SELF = YES;
				CLANG_WARN_OBJC_LITERAL_CONVERSION = YES;
				CLANG_WARN_OBJC_ROOT_CLASS = YES_ERROR;
				CLANG_WARN_QUOTED_INCLUDE_IN_FRAMEWORK_HEADER = YES;
				CLANG_WARN_RANGE_LOOP_ANALYSIS = YES;
				CLANG_WARN_STRICT_PROTOTYPES = YES;
				CLANG_WARN_SUSPICIOUS_MOVE = YES;
				CLANG_WARN_UNGUARDED_AVAILABILITY = YES_AGGRESSIVE;
				CLANG_WARN_UNREACHABLE_CODE = YES;
				CLANG_WARN__DUPLICATE_METHOD_MATCH = YES;
				COPY_PHASE_STRIP = NO;
				DEBUG_INFORMATION_FORMAT = dwarf;
				ENABLE_STRICT_OBJC_MSGSEND = YES;
				ENABLE_TESTABILITY = YES;
				GCC_C_LANGUAGE_STANDARD = gnu11;
				GCC_DYNAMIC_NO_PIC = NO;
				GCC_NO_COMMON_BLOCKS = YES;
				GCC_OPTIMIZATION_LEVEL = 0;
				GCC_PREPROCESSOR_DEFINITIONS = (
					"DEBUG=1",
					"$(inherited)",
				);
				GCC_WARN_64_TO_32_BIT_CONVERSION = YES;
				GCC_WARN_ABOUT_RETURN_TYPE = YES_ERROR;
				GCC_WARN_UNDECLARED_SELECTOR = YES;
				GCC_WARN_UNINITIALIZED_AUTOS = YES_AGGRESSIVE;
				GCC_WARN_UNUSED_FUNCTION = YES;
				GCC_WARN_UNUSED_VARIABLE = YES;
				IPHONEOS_DEPLOYMENT_TARGET = 15.2;
				MTL_ENABLE_DEBUG_INFO = INCLUDE_SOURCE;
				MTL_FAST_MATH = YES;
				ONLY_ACTIVE_ARCH = YES;
				SDKROOT = iphoneos;
				SWIFT_ACTIVE_COMPILATION_CONDITIONS = DEBUG;
				SWIFT_OPTIMIZATION_LEVEL = "-Onone";
			};
			name = Debug;
		};
		2E6278B52838D78B00927C12 /* Release */ = {
			isa = XCBuildConfiguration;
			buildSettings = {
				ALWAYS_SEARCH_USER_PATHS = NO;
				CLANG_ANALYZER_NONNULL = YES;
				CLANG_ANALYZER_NUMBER_OBJECT_CONVERSION = YES_AGGRESSIVE;
				CLANG_CXX_LANGUAGE_STANDARD = "gnu++17";
				CLANG_CXX_LIBRARY = "libc++";
				CLANG_ENABLE_MODULES = YES;
				CLANG_ENABLE_OBJC_ARC = YES;
				CLANG_ENABLE_OBJC_WEAK = YES;
				CLANG_WARN_BLOCK_CAPTURE_AUTORELEASING = YES;
				CLANG_WARN_BOOL_CONVERSION = YES;
				CLANG_WARN_COMMA = YES;
				CLANG_WARN_CONSTANT_CONVERSION = YES;
				CLANG_WARN_DEPRECATED_OBJC_IMPLEMENTATIONS = YES;
				CLANG_WARN_DIRECT_OBJC_ISA_USAGE = YES_ERROR;
				CLANG_WARN_DOCUMENTATION_COMMENTS = YES;
				CLANG_WARN_EMPTY_BODY = YES;
				CLANG_WARN_ENUM_CONVERSION = YES;
				CLANG_WARN_INFINITE_RECURSION = YES;
				CLANG_WARN_INT_CONVERSION = YES;
				CLANG_WARN_NON_LITERAL_NULL_CONVERSION = YES;
				CLANG_WARN_OBJC_IMPLICIT_RETAIN_SELF = YES;
				CLANG_WARN_OBJC_LITERAL_CONVERSION = YES;
				CLANG_WARN_OBJC_ROOT_CLASS = YES_ERROR;
				CLANG_WARN_QUOTED_INCLUDE_IN_FRAMEWORK_HEADER = YES;
				CLANG_WARN_RANGE_LOOP_ANALYSIS = YES;
				CLANG_WARN_STRICT_PROTOTYPES = YES;
				CLANG_WARN_SUSPICIOUS_MOVE = YES;
				CLANG_WARN_UNGUARDED_AVAILABILITY = YES_AGGRESSIVE;
				CLANG_WARN_UNREACHABLE_CODE = YES;
				CLANG_WARN__DUPLICATE_METHOD_MATCH = YES;
				COPY_PHASE_STRIP = NO;
				DEBUG_INFORMATION_FORMAT = "dwarf-with-dsym";
				ENABLE_NS_ASSERTIONS = NO;
				ENABLE_STRICT_OBJC_MSGSEND = YES;
				GCC_C_LANGUAGE_STANDARD = gnu11;
				GCC_NO_COMMON_BLOCKS = YES;
				GCC_WARN_64_TO_32_BIT_CONVERSION = YES;
				GCC_WARN_ABOUT_RETURN_TYPE = YES_ERROR;
				GCC_WARN_UNDECLARED_SELECTOR = YES;
				GCC_WARN_UNINITIALIZED_AUTOS = YES_AGGRESSIVE;
				GCC_WARN_UNUSED_FUNCTION = YES;
				GCC_WARN_UNUSED_VARIABLE = YES;
				IPHONEOS_DEPLOYMENT_TARGET = 15.2;
				MTL_ENABLE_DEBUG_INFO = NO;
				MTL_FAST_MATH = YES;
				SDKROOT = iphoneos;
				SWIFT_COMPILATION_MODE = wholemodule;
				SWIFT_OPTIMIZATION_LEVEL = "-O";
				VALIDATE_PRODUCT = YES;
			};
			name = Release;
		};
		2E6278B72838D78B00927C12 /* Debug */ = {
			isa = XCBuildConfiguration;
			buildSettings = {
				ASSETCATALOG_COMPILER_APPICON_NAME = AppIcon;
				ASSETCATALOG_COMPILER_GLOBAL_ACCENT_COLOR_NAME = AccentColor;
				CODE_SIGN_STYLE = Automatic;
				CURRENT_PROJECT_VERSION = 1;
				GENERATE_INFOPLIST_FILE = YES;
				INFOPLIST_FILE = WeatherDesignApp/Info.plist;
				INFOPLIST_KEY_UIApplicationSupportsIndirectInputEvents = YES;
				INFOPLIST_KEY_UILaunchStoryboardName = LaunchScreen;
				INFOPLIST_KEY_UIMainStoryboardFile = Main;
				INFOPLIST_KEY_UISupportedInterfaceOrientations_iPad = "UIInterfaceOrientationPortrait UIInterfaceOrientationPortraitUpsideDown UIInterfaceOrientationLandscapeLeft UIInterfaceOrientationLandscapeRight";
				INFOPLIST_KEY_UISupportedInterfaceOrientations_iPhone = "UIInterfaceOrientationPortrait UIInterfaceOrientationLandscapeLeft UIInterfaceOrientationLandscapeRight";
				LD_RUNPATH_SEARCH_PATHS = (
					"$(inherited)",
					"@executable_path/Frameworks",
				);
				MARKETING_VERSION = 1.0;
				PRODUCT_BUNDLE_IDENTIFIER = ru.laranweb.WeatherDesignApp;
				PRODUCT_NAME = "$(TARGET_NAME)";
				SWIFT_EMIT_LOC_STRINGS = YES;
				SWIFT_VERSION = 5.0;
				TARGETED_DEVICE_FAMILY = "1,2";
			};
			name = Debug;
		};
		2E6278B82838D78B00927C12 /* Release */ = {
			isa = XCBuildConfiguration;
			buildSettings = {
				ASSETCATALOG_COMPILER_APPICON_NAME = AppIcon;
				ASSETCATALOG_COMPILER_GLOBAL_ACCENT_COLOR_NAME = AccentColor;
				CODE_SIGN_STYLE = Automatic;
				CURRENT_PROJECT_VERSION = 1;
				GENERATE_INFOPLIST_FILE = YES;
				INFOPLIST_FILE = WeatherDesignApp/Info.plist;
				INFOPLIST_KEY_UIApplicationSupportsIndirectInputEvents = YES;
				INFOPLIST_KEY_UILaunchStoryboardName = LaunchScreen;
				INFOPLIST_KEY_UIMainStoryboardFile = Main;
				INFOPLIST_KEY_UISupportedInterfaceOrientations_iPad = "UIInterfaceOrientationPortrait UIInterfaceOrientationPortraitUpsideDown UIInterfaceOrientationLandscapeLeft UIInterfaceOrientationLandscapeRight";
				INFOPLIST_KEY_UISupportedInterfaceOrientations_iPhone = "UIInterfaceOrientationPortrait UIInterfaceOrientationLandscapeLeft UIInterfaceOrientationLandscapeRight";
				LD_RUNPATH_SEARCH_PATHS = (
					"$(inherited)",
					"@executable_path/Frameworks",
				);
				MARKETING_VERSION = 1.0;
				PRODUCT_BUNDLE_IDENTIFIER = ru.laranweb.WeatherDesignApp;
				PRODUCT_NAME = "$(TARGET_NAME)";
				SWIFT_EMIT_LOC_STRINGS = YES;
				SWIFT_VERSION = 5.0;
				TARGETED_DEVICE_FAMILY = "1,2";
			};
			name = Release;
		};
		2E6278BA2838D78B00927C12 /* Debug */ = {
			isa = XCBuildConfiguration;
			buildSettings = {
				ALWAYS_EMBED_SWIFT_STANDARD_LIBRARIES = YES;
				BUNDLE_LOADER = "$(TEST_HOST)";
				CODE_SIGN_STYLE = Automatic;
				CURRENT_PROJECT_VERSION = 1;
				GENERATE_INFOPLIST_FILE = YES;
				IPHONEOS_DEPLOYMENT_TARGET = 15.2;
				MARKETING_VERSION = 1.0;
				PRODUCT_BUNDLE_IDENTIFIER = ru.laranweb.WeatherDesignAppTests;
				PRODUCT_NAME = "$(TARGET_NAME)";
				SWIFT_EMIT_LOC_STRINGS = NO;
				SWIFT_VERSION = 5.0;
				TARGETED_DEVICE_FAMILY = "1,2";
				TEST_HOST = "$(BUILT_PRODUCTS_DIR)/WeatherDesignApp.app/WeatherDesignApp";
			};
			name = Debug;
		};
		2E6278BB2838D78B00927C12 /* Release */ = {
			isa = XCBuildConfiguration;
			buildSettings = {
				ALWAYS_EMBED_SWIFT_STANDARD_LIBRARIES = YES;
				BUNDLE_LOADER = "$(TEST_HOST)";
				CODE_SIGN_STYLE = Automatic;
				CURRENT_PROJECT_VERSION = 1;
				GENERATE_INFOPLIST_FILE = YES;
				IPHONEOS_DEPLOYMENT_TARGET = 15.2;
				MARKETING_VERSION = 1.0;
				PRODUCT_BUNDLE_IDENTIFIER = ru.laranweb.WeatherDesignAppTests;
				PRODUCT_NAME = "$(TARGET_NAME)";
				SWIFT_EMIT_LOC_STRINGS = NO;
				SWIFT_VERSION = 5.0;
				TARGETED_DEVICE_FAMILY = "1,2";
				TEST_HOST = "$(BUILT_PRODUCTS_DIR)/WeatherDesignApp.app/WeatherDesignApp";
			};
			name = Release;
		};
		2E6278BD2838D78B00927C12 /* Debug */ = {
			isa = XCBuildConfiguration;
			buildSettings = {
				ALWAYS_EMBED_SWIFT_STANDARD_LIBRARIES = YES;
				CODE_SIGN_STYLE = Automatic;
				CURRENT_PROJECT_VERSION = 1;
				GENERATE_INFOPLIST_FILE = YES;
				MARKETING_VERSION = 1.0;
				PRODUCT_BUNDLE_IDENTIFIER = ru.laranweb.WeatherDesignAppUITests;
				PRODUCT_NAME = "$(TARGET_NAME)";
				SWIFT_EMIT_LOC_STRINGS = NO;
				SWIFT_VERSION = 5.0;
				TARGETED_DEVICE_FAMILY = "1,2";
				TEST_TARGET_NAME = WeatherDesignApp;
			};
			name = Debug;
		};
		2E6278BE2838D78B00927C12 /* Release */ = {
			isa = XCBuildConfiguration;
			buildSettings = {
				ALWAYS_EMBED_SWIFT_STANDARD_LIBRARIES = YES;
				CODE_SIGN_STYLE = Automatic;
				CURRENT_PROJECT_VERSION = 1;
				GENERATE_INFOPLIST_FILE = YES;
				MARKETING_VERSION = 1.0;
				PRODUCT_BUNDLE_IDENTIFIER = ru.laranweb.WeatherDesignAppUITests;
				PRODUCT_NAME = "$(TARGET_NAME)";
				SWIFT_EMIT_LOC_STRINGS = NO;
				SWIFT_VERSION = 5.0;
				TARGETED_DEVICE_FAMILY = "1,2";
				TEST_TARGET_NAME = WeatherDesignApp;
			};
			name = Release;
		};
/* End XCBuildConfiguration section */

/* Begin XCConfigurationList section */
		2E6278872838D78600927C12 /* Build configuration list for PBXProject "WeatherDesignApp" */ = {
			isa = XCConfigurationList;
			buildConfigurations = (
				2E6278B42838D78B00927C12 /* Debug */,
				2E6278B52838D78B00927C12 /* Release */,
			);
			defaultConfigurationIsVisible = 0;
			defaultConfigurationName = Release;
		};
		2E6278B62838D78B00927C12 /* Build configuration list for PBXNativeTarget "WeatherDesignApp" */ = {
			isa = XCConfigurationList;
			buildConfigurations = (
				2E6278B72838D78B00927C12 /* Debug */,
				2E6278B82838D78B00927C12 /* Release */,
			);
			defaultConfigurationIsVisible = 0;
			defaultConfigurationName = Release;
		};
		2E6278B92838D78B00927C12 /* Build configuration list for PBXNativeTarget "WeatherDesignAppTests" */ = {
			isa = XCConfigurationList;
			buildConfigurations = (
				2E6278BA2838D78B00927C12 /* Debug */,
				2E6278BB2838D78B00927C12 /* Release */,
			);
			defaultConfigurationIsVisible = 0;
			defaultConfigurationName = Release;
		};
		2E6278BC2838D78B00927C12 /* Build configuration list for PBXNativeTarget "WeatherDesignAppUITests" */ = {
			isa = XCConfigurationList;
			buildConfigurations = (
				2E6278BD2838D78B00927C12 /* Debug */,
				2E6278BE2838D78B00927C12 /* Release */,
			);
			defaultConfigurationIsVisible = 0;
			defaultConfigurationName = Release;
		};
/* End XCConfigurationList section */
	};
	rootObject = 2E6278842838D78600927C12 /* Project object */;
}
