// !$*UTF8*$!
{
	archiveVersion = 1;
	classes = {
	};
	objectVersion = 55;
	objects = {

/* Begin PBXBuildFile section */
		2ECCF5642832BF2A0081D3A6 /* Cell.swift in Sources */ = {isa = PBXBuildFile; fileRef = 2ECCF5632832BF2A0081D3A6 /* Cell.swift */; };
		2ECCF5662832BF6F0081D3A6 /* CellData.swift in Sources */ = {isa = PBXBuildFile; fileRef = 2ECCF5652832BF6F0081D3A6 /* CellData.swift */; };
		2ECCF56A2832BFCB0081D3A6 /* CollectionViewCell.swift in Sources */ = {isa = PBXBuildFile; fileRef = 2ECCF5692832BFCB0081D3A6 /* CollectionViewCell.swift */; };
		2EEA1BF0282EB6AE00776D3A /* AppDelegate.swift in Sources */ = {isa = PBXBuildFile; fileRef = 2EEA1BEF282EB6AE00776D3A /* AppDelegate.swift */; };
		2EEA1BF2282EB6AE00776D3A /* SceneDelegate.swift in Sources */ = {isa = PBXBuildFile; fileRef = 2EEA1BF1282EB6AE00776D3A /* SceneDelegate.swift */; };
		2EEA1BF4282EB6AE00776D3A /* CollectionViewController.swift in Sources */ = {isa = PBXBuildFile; fileRef = 2EEA1BF3282EB6AE00776D3A /* CollectionViewController.swift */; };
		2EEA1BF9282EB6B100776D3A /* Assets.xcassets in Resources */ = {isa = PBXBuildFile; fileRef = 2EEA1BF8282EB6B100776D3A /* Assets.xcassets */; };
		2EEA1BFC282EB6B100776D3A /* LaunchScreen.storyboard in Resources */ = {isa = PBXBuildFile; fileRef = 2EEA1BFA282EB6B100776D3A /* LaunchScreen.storyboard */; };
		2EEA1C05282EBE3F00776D3A /* SnapKit in Frameworks */ = {isa = PBXBuildFile; productRef = 2EEA1C04282EBE3F00776D3A /* SnapKit */; };
/* End PBXBuildFile section */

/* Begin PBXFileReference section */
		2ECCF5632832BF2A0081D3A6 /* Cell.swift */ = {isa = PBXFileReference; lastKnownFileType = sourcecode.swift; path = Cell.swift; sourceTree = "<group>"; };
		2ECCF5652832BF6F0081D3A6 /* CellData.swift */ = {isa = PBXFileReference; lastKnownFileType = sourcecode.swift; path = CellData.swift; sourceTree = "<group>"; };
		2ECCF5692832BFCB0081D3A6 /* CollectionViewCell.swift */ = {isa = PBXFileReference; lastKnownFileType = sourcecode.swift; path = CollectionViewCell.swift; sourceTree = "<group>"; };
		2EEA1BEC282EB6AE00776D3A /* CollectionApp.app */ = {isa = PBXFileReference; explicitFileType = wrapper.application; includeInIndex = 0; path = CollectionApp.app; sourceTree = BUILT_PRODUCTS_DIR; };
		2EEA1BEF282EB6AE00776D3A /* AppDelegate.swift */ = {isa = PBXFileReference; lastKnownFileType = sourcecode.swift; path = AppDelegate.swift; sourceTree = "<group>"; };
		2EEA1BF1282EB6AE00776D3A /* SceneDelegate.swift */ = {isa = PBXFileReference; lastKnownFileType = sourcecode.swift; path = SceneDelegate.swift; sourceTree = "<group>"; };
		2EEA1BF3282EB6AE00776D3A /* CollectionViewController.swift */ = {isa = PBXFileReference; lastKnownFileType = sourcecode.swift; path = CollectionViewController.swift; sourceTree = "<group>"; };
		2EEA1BF8282EB6B100776D3A /* Assets.xcassets */ = {isa = PBXFileReference; lastKnownFileType = folder.assetcatalog; path = Assets.xcassets; sourceTree = "<group>"; };
		2EEA1BFB282EB6B100776D3A /* Base */ = {isa = PBXFileReference; lastKnownFileType = file.storyboard; name = Base; path = Base.lproj/LaunchScreen.storyboard; sourceTree = "<group>"; };
		2EEA1BFD282EB6B100776D3A /* Info.plist */ = {isa = PBXFileReference; lastKnownFileType = text.plist.xml; path = Info.plist; sourceTree = "<group>"; };
/* End PBXFileReference section */

/* Begin PBXFrameworksBuildPhase section */
		2EEA1BE9282EB6AE00776D3A /* Frameworks */ = {
			isa = PBXFrameworksBuildPhase;
			buildActionMask = 2147483647;
			files = (
				2EEA1C05282EBE3F00776D3A /* SnapKit in Frameworks */,
			);
			runOnlyForDeploymentPostprocessing = 0;
		};
/* End PBXFrameworksBuildPhase section */

/* Begin PBXGroup section */
		2ECCF5672832BF7E0081D3A6 /* Model */ = {
			isa = PBXGroup;
			children = (
				2ECCF5632832BF2A0081D3A6 /* Cell.swift */,
			);
			path = Model;
			sourceTree = "<group>";
		};
		2ECCF5682832BF910081D3A6 /* Collection */ = {
			isa = PBXGroup;
			children = (
				2EEA1BF3282EB6AE00776D3A /* CollectionViewController.swift */,
				2ECCF5692832BFCB0081D3A6 /* CollectionViewCell.swift */,
			);
			path = Collection;
			sourceTree = "<group>";
		};
		2ECCF56B2832C0470081D3A6 /* New Group */ = {
			isa = PBXGroup;
			children = (
				2EEA1BF1282EB6AE00776D3A /* SceneDelegate.swift */,
				2EEA1BEF282EB6AE00776D3A /* AppDelegate.swift */,
				2EEA1BFA282EB6B100776D3A /* LaunchScreen.storyboard */,
			);
			path = "New Group";
			sourceTree = "<group>";
		};
		2ECCF56C2832C05A0081D3A6 /* Design */ = {
			isa = PBXGroup;
			children = (
				2EEA1BF8282EB6B100776D3A /* Assets.xcassets */,
			);
			path = Design;
			sourceTree = "<group>";
		};
		2ECCF56D2832C0730081D3A6 /* Detail */ = {
			isa = PBXGroup;
			children = (
			);
			path = Detail;
			sourceTree = "<group>";
		};
		2EEA1BE3282EB6AE00776D3A = {
			isa = PBXGroup;
			children = (
				2EEA1BEE282EB6AE00776D3A /* CollectionApp */,
				2EEA1BED282EB6AE00776D3A /* Products */,
			);
			sourceTree = "<group>";
		};
		2EEA1BED282EB6AE00776D3A /* Products */ = {
			isa = PBXGroup;
			children = (
				2EEA1BEC282EB6AE00776D3A /* CollectionApp.app */,
			);
			name = Products;
			sourceTree = "<group>";
		};
		2EEA1BEE282EB6AE00776D3A /* CollectionApp */ = {
			isa = PBXGroup;
			children = (
				2EEA1BFD282EB6B100776D3A /* Info.plist */,
				2ECCF56B2832C0470081D3A6 /* New Group */,
				2ECCF5652832BF6F0081D3A6 /* CellData.swift */,
				2ECCF5682832BF910081D3A6 /* Collection */,
				2ECCF56D2832C0730081D3A6 /* Detail */,
				2ECCF5672832BF7E0081D3A6 /* Model */,
				2ECCF56C2832C05A0081D3A6 /* Design */,
			);
			path = CollectionApp;
			sourceTree = "<group>";
		};
/* End PBXGroup section */

/* Begin PBXNativeTarget section */
		2EEA1BEB282EB6AE00776D3A /* CollectionApp */ = {
			isa = PBXNativeTarget;
			buildConfigurationList = 2EEA1C00282EB6B100776D3A /* Build configuration list for PBXNativeTarget "CollectionApp" */;
			buildPhases = (
				2EEA1BE8282EB6AE00776D3A /* Sources */,
				2EEA1BE9282EB6AE00776D3A /* Frameworks */,
				2EEA1BEA282EB6AE00776D3A /* Resources */,
			);
			buildRules = (
			);
			dependencies = (
			);
			name = CollectionApp;
			packageProductDependencies = (
				2EEA1C04282EBE3F00776D3A /* SnapKit */,
			);
			productName = CollectionApp;
			productReference = 2EEA1BEC282EB6AE00776D3A /* CollectionApp.app */;
			productType = "com.apple.product-type.application";
		};
/* End PBXNativeTarget section */

/* Begin PBXProject section */
		2EEA1BE4282EB6AE00776D3A /* Project object */ = {
			isa = PBXProject;
			attributes = {
				BuildIndependentTargetsInParallel = 1;
				LastSwiftUpdateCheck = 1320;
				LastUpgradeCheck = 1320;
				TargetAttributes = {
					2EEA1BEB282EB6AE00776D3A = {
						CreatedOnToolsVersion = 13.2.1;
					};
				};
			};
			buildConfigurationList = 2EEA1BE7282EB6AE00776D3A /* Build configuration list for PBXProject "CollectionApp" */;
			compatibilityVersion = "Xcode 13.0";
			developmentRegion = en;
			hasScannedForEncodings = 0;
			knownRegions = (
				en,
				Base,
			);
			mainGroup = 2EEA1BE3282EB6AE00776D3A;
			packageReferences = (
				2EEA1C03282EBE3F00776D3A /* XCRemoteSwiftPackageReference "SnapKit" */,
			);
			productRefGroup = 2EEA1BED282EB6AE00776D3A /* Products */;
			projectDirPath = "";
			projectRoot = "";
			targets = (
				2EEA1BEB282EB6AE00776D3A /* CollectionApp */,
			);
		};
/* End PBXProject section */

/* Begin PBXResourcesBuildPhase section */
		2EEA1BEA282EB6AE00776D3A /* Resources */ = {
			isa = PBXResourcesBuildPhase;
			buildActionMask = 2147483647;
			files = (
				2EEA1BFC282EB6B100776D3A /* LaunchScreen.storyboard in Resources */,
				2EEA1BF9282EB6B100776D3A /* Assets.xcassets in Resources */,
			);
			runOnlyForDeploymentPostprocessing = 0;
		};
/* End PBXResourcesBuildPhase section */

/* Begin PBXSourcesBuildPhase section */
		2EEA1BE8282EB6AE00776D3A /* Sources */ = {
			isa = PBXSourcesBuildPhase;
			buildActionMask = 2147483647;
			files = (
				2EEA1BF4282EB6AE00776D3A /* CollectionViewController.swift in Sources */,
				2EEA1BF0282EB6AE00776D3A /* AppDelegate.swift in Sources */,
				2ECCF56A2832BFCB0081D3A6 /* CollectionViewCell.swift in Sources */,
				2EEA1BF2282EB6AE00776D3A /* SceneDelegate.swift in Sources */,
				2ECCF5662832BF6F0081D3A6 /* CellData.swift in Sources */,
				2ECCF5642832BF2A0081D3A6 /* Cell.swift in Sources */,
			);
			runOnlyForDeploymentPostprocessing = 0;
		};
/* End PBXSourcesBuildPhase section */

/* Begin PBXVariantGroup section */
		2EEA1BFA282EB6B100776D3A /* LaunchScreen.storyboard */ = {
			isa = PBXVariantGroup;
			children = (
				2EEA1BFB282EB6B100776D3A /* Base */,
			);
			name = LaunchScreen.storyboard;
			sourceTree = "<group>";
		};
/* End PBXVariantGroup section */

/* Begin XCBuildConfiguration section */
		2EEA1BFE282EB6B100776D3A /* Debug */ = {
			isa = XCBuildConfiguration;
			buildSettings = {
				ALWAYS_SEARCH_USER_PATHS = NO;
				CLANG_ANALYZER_NONNULL = YES;
				CLANG_ANALYZER_NUMBER_OBJECT_CONVERSION = YES_AGGRESSIVE;
				CLANG_CXX_LANGUAGE_STANDARD = "gnu++17";
				CLANG_CXX_LIBRARY = "libc++";
				CLANG_ENABLE_MODULES = YES;
				CLANG_ENABLE_OBJC_ARC = YES;
				CLANG_ENABLE_OBJC_WEAK = YES;
				CLANG_WARN_BLOCK_CAPTURE_AUTORELEASING = YES;
				CLANG_WARN_BOOL_CONVERSION = YES;
				CLANG_WARN_COMMA = YES;
				CLANG_WARN_CONSTANT_CONVERSION = YES;
				CLANG_WARN_DEPRECATED_OBJC_IMPLEMENTATIONS = YES;
				CLANG_WARN_DIRECT_OBJC_ISA_USAGE = YES_ERROR;
				CLANG_WARN_DOCUMENTATION_COMMENTS = YES;
				CLANG_WARN_EMPTY_BODY = YES;
				CLANG_WARN_ENUM_CONVERSION = YES;
				CLANG_WARN_INFINITE_RECURSION = YES;
				CLANG_WARN_INT_CONVERSION = YES;
				CLANG_WARN_NON_LITERAL_NULL_CONVERSION = YES;
				CLANG_WARN_OBJC_IMPLICIT_RETAIN_SELF = YES;
				CLANG_WARN_OBJC_LITERAL_CONVERSION = YES;
				CLANG_WARN_OBJC_ROOT_CLASS = YES_ERROR;
				CLANG_WARN_QUOTED_INCLUDE_IN_FRAMEWORK_HEADER = YES;
				CLANG_WARN_RANGE_LOOP_ANALYSIS = YES;
				CLANG_WARN_STRICT_PROTOTYPES = YES;
				CLANG_WARN_SUSPICIOUS_MOVE = YES;
				CLANG_WARN_UNGUARDED_AVAILABILITY = YES_AGGRESSIVE;
				CLANG_WARN_UNREACHABLE_CODE = YES;
				CLANG_WARN__DUPLICATE_METHOD_MATCH = YES;
				COPY_PHASE_STRIP = NO;
				DEBUG_INFORMATION_FORMAT = dwarf;
				ENABLE_STRICT_OBJC_MSGSEND = YES;
				ENABLE_TESTABILITY = YES;
				GCC_C_LANGUAGE_STANDARD = gnu11;
				GCC_DYNAMIC_NO_PIC = NO;
				GCC_NO_COMMON_BLOCKS = YES;
				GCC_OPTIMIZATION_LEVEL = 0;
				GCC_PREPROCESSOR_DEFINITIONS = (
					"DEBUG=1",
					"$(inherited)",
				);
				GCC_WARN_64_TO_32_BIT_CONVERSION = YES;
				GCC_WARN_ABOUT_RETURN_TYPE = YES_ERROR;
				GCC_WARN_UNDECLARED_SELECTOR = YES;
				GCC_WARN_UNINITIALIZED_AUTOS = YES_AGGRESSIVE;
				GCC_WARN_UNUSED_FUNCTION = YES;
				GCC_WARN_UNUSED_VARIABLE = YES;
				IPHONEOS_DEPLOYMENT_TARGET = 15.2;
				MTL_ENABLE_DEBUG_INFO = INCLUDE_SOURCE;
				MTL_FAST_MATH = YES;
				ONLY_ACTIVE_ARCH = YES;
				SDKROOT = iphoneos;
				SWIFT_ACTIVE_COMPILATION_CONDITIONS = DEBUG;
				SWIFT_OPTIMIZATION_LEVEL = "-Onone";
			};
			name = Debug;
		};
		2EEA1BFF282EB6B100776D3A /* Release */ = {
			isa = XCBuildConfiguration;
			buildSettings = {
				ALWAYS_SEARCH_USER_PATHS = NO;
				CLANG_ANALYZER_NONNULL = YES;
				CLANG_ANALYZER_NUMBER_OBJECT_CONVERSION = YES_AGGRESSIVE;
				CLANG_CXX_LANGUAGE_STANDARD = "gnu++17";
				CLANG_CXX_LIBRARY = "libc++";
				CLANG_ENABLE_MODULES = YES;
				CLANG_ENABLE_OBJC_ARC = YES;
				CLANG_ENABLE_OBJC_WEAK = YES;
				CLANG_WARN_BLOCK_CAPTURE_AUTORELEASING = YES;
				CLANG_WARN_BOOL_CONVERSION = YES;
				CLANG_WARN_COMMA = YES;
				CLANG_WARN_CONSTANT_CONVERSION = YES;
				CLANG_WARN_DEPRECATED_OBJC_IMPLEMENTATIONS = YES;
				CLANG_WARN_DIRECT_OBJC_ISA_USAGE = YES_ERROR;
				CLANG_WARN_DOCUMENTATION_COMMENTS = YES;
				CLANG_WARN_EMPTY_BODY = YES;
				CLANG_WARN_ENUM_CONVERSION = YES;
				CLANG_WARN_INFINITE_RECURSION = YES;
				CLANG_WARN_INT_CONVERSION = YES;
				CLANG_WARN_NON_LITERAL_NULL_CONVERSION = YES;
				CLANG_WARN_OBJC_IMPLICIT_RETAIN_SELF = YES;
				CLANG_WARN_OBJC_LITERAL_CONVERSION = YES;
				CLANG_WARN_OBJC_ROOT_CLASS = YES_ERROR;
				CLANG_WARN_QUOTED_INCLUDE_IN_FRAMEWORK_HEADER = YES;
				CLANG_WARN_RANGE_LOOP_ANALYSIS = YES;
				CLANG_WARN_STRICT_PROTOTYPES = YES;
				CLANG_WARN_SUSPICIOUS_MOVE = YES;
				CLANG_WARN_UNGUARDED_AVAILABILITY = YES_AGGRESSIVE;
				CLANG_WARN_UNREACHABLE_CODE = YES;
				CLANG_WARN__DUPLICATE_METHOD_MATCH = YES;
				COPY_PHASE_STRIP = NO;
				DEBUG_INFORMATION_FORMAT = "dwarf-with-dsym";
				ENABLE_NS_ASSERTIONS = NO;
				ENABLE_STRICT_OBJC_MSGSEND = YES;
				GCC_C_LANGUAGE_STANDARD = gnu11;
				GCC_NO_COMMON_BLOCKS = YES;
				GCC_WARN_64_TO_32_BIT_CONVERSION = YES;
				GCC_WARN_ABOUT_RETURN_TYPE = YES_ERROR;
				GCC_WARN_UNDECLARED_SELECTOR = YES;
				GCC_WARN_UNINITIALIZED_AUTOS = YES_AGGRESSIVE;
				GCC_WARN_UNUSED_FUNCTION = YES;
				GCC_WARN_UNUSED_VARIABLE = YES;
				IPHONEOS_DEPLOYMENT_TARGET = 15.2;
				MTL_ENABLE_DEBUG_INFO = NO;
				MTL_FAST_MATH = YES;
				SDKROOT = iphoneos;
				SWIFT_COMPILATION_MODE = wholemodule;
				SWIFT_OPTIMIZATION_LEVEL = "-O";
				VALIDATE_PRODUCT = YES;
			};
			name = Release;
		};
		2EEA1C01282EB6B100776D3A /* Debug */ = {
			isa = XCBuildConfiguration;
			buildSettings = {
				ASSETCATALOG_COMPILER_APPICON_NAME = AppIcon;
				ASSETCATALOG_COMPILER_GLOBAL_ACCENT_COLOR_NAME = AccentColor;
				CODE_SIGN_STYLE = Automatic;
				CURRENT_PROJECT_VERSION = 1;
				GENERATE_INFOPLIST_FILE = YES;
				INFOPLIST_FILE = CollectionApp/Info.plist;
				INFOPLIST_KEY_UIApplicationSupportsIndirectInputEvents = YES;
				INFOPLIST_KEY_UILaunchStoryboardName = LaunchScreen;
				INFOPLIST_KEY_UISupportedInterfaceOrientations_iPad = "UIInterfaceOrientationPortrait UIInterfaceOrientationPortraitUpsideDown UIInterfaceOrientationLandscapeLeft UIInterfaceOrientationLandscapeRight";
				INFOPLIST_KEY_UISupportedInterfaceOrientations_iPhone = "UIInterfaceOrientationPortrait UIInterfaceOrientationLandscapeLeft UIInterfaceOrientationLandscapeRight";
				LD_RUNPATH_SEARCH_PATHS = (
					"$(inherited)",
					"@executable_path/Frameworks",
				);
				MARKETING_VERSION = 1.0;
				PRODUCT_BUNDLE_IDENTIFIER = ru.laranweb.CollectionApp;
				PRODUCT_NAME = "$(TARGET_NAME)";
				SWIFT_EMIT_LOC_STRINGS = YES;
				SWIFT_VERSION = 5.0;
				TARGETED_DEVICE_FAMILY = "1,2";
			};
			name = Debug;
		};
		2EEA1C02282EB6B100776D3A /* Release */ = {
			isa = XCBuildConfiguration;
			buildSettings = {
				ASSETCATALOG_COMPILER_APPICON_NAME = AppIcon;
				ASSETCATALOG_COMPILER_GLOBAL_ACCENT_COLOR_NAME = AccentColor;
				CODE_SIGN_STYLE = Automatic;
				CURRENT_PROJECT_VERSION = 1;
				GENERATE_INFOPLIST_FILE = YES;
				INFOPLIST_FILE = CollectionApp/Info.plist;
				INFOPLIST_KEY_UIApplicationSupportsIndirectInputEvents = YES;
				INFOPLIST_KEY_UILaunchStoryboardName = LaunchScreen;
				INFOPLIST_KEY_UISupportedInterfaceOrientations_iPad = "UIInterfaceOrientationPortrait UIInterfaceOrientationPortraitUpsideDown UIInterfaceOrientationLandscapeLeft UIInterfaceOrientationLandscapeRight";
				INFOPLIST_KEY_UISupportedInterfaceOrientations_iPhone = "UIInterfaceOrientationPortrait UIInterfaceOrientationLandscapeLeft UIInterfaceOrientationLandscapeRight";
				LD_RUNPATH_SEARCH_PATHS = (
					"$(inherited)",
					"@executable_path/Frameworks",
				);
				MARKETING_VERSION = 1.0;
				PRODUCT_BUNDLE_IDENTIFIER = ru.laranweb.CollectionApp;
				PRODUCT_NAME = "$(TARGET_NAME)";
				SWIFT_EMIT_LOC_STRINGS = YES;
				SWIFT_VERSION = 5.0;
				TARGETED_DEVICE_FAMILY = "1,2";
			};
			name = Release;
		};
/* End XCBuildConfiguration section */

/* Begin XCConfigurationList section */
		2EEA1BE7282EB6AE00776D3A /* Build configuration list for PBXProject "CollectionApp" */ = {
			isa = XCConfigurationList;
			buildConfigurations = (
				2EEA1BFE282EB6B100776D3A /* Debug */,
				2EEA1BFF282EB6B100776D3A /* Release */,
			);
			defaultConfigurationIsVisible = 0;
			defaultConfigurationName = Release;
		};
		2EEA1C00282EB6B100776D3A /* Build configuration list for PBXNativeTarget "CollectionApp" */ = {
			isa = XCConfigurationList;
			buildConfigurations = (
				2EEA1C01282EB6B100776D3A /* Debug */,
				2EEA1C02282EB6B100776D3A /* Release */,
			);
			defaultConfigurationIsVisible = 0;
			defaultConfigurationName = Release;
		};
/* End XCConfigurationList section */

/* Begin XCRemoteSwiftPackageReference section */
		2EEA1C03282EBE3F00776D3A /* XCRemoteSwiftPackageReference "SnapKit" */ = {
			isa = XCRemoteSwiftPackageReference;
			repositoryURL = "https://github.com/SnapKit/SnapKit";
			requirement = {
				branch = develop;
				kind = branch;
			};
		};
/* End XCRemoteSwiftPackageReference section */

/* Begin XCSwiftPackageProductDependency section */
		2EEA1C04282EBE3F00776D3A /* SnapKit */ = {
			isa = XCSwiftPackageProductDependency;
			package = 2EEA1C03282EBE3F00776D3A /* XCRemoteSwiftPackageReference "SnapKit" */;
			productName = SnapKit;
		};
/* End XCSwiftPackageProductDependency section */
	};
	rootObject = 2EEA1BE4282EB6AE00776D3A /* Project object */;
}
